PODS:
  - PaperCollectionView (1.0.1):
    - pop
  - pop (1.0.9)

DEPENDENCIES:
  - PaperCollectionView (from `../`)

EXTERNAL SOURCES:
  PaperCollectionView:
    :path: "../"

SPEC CHECKSUMS:
  PaperCollectionView: b110c8d714eead30ee394a35640e5c706aeca005
  pop: f667631a5108a2e60d9e8797c9b32ddaf2080bce

COCOAPODS: 0.39.0
