PODS:
  - PaperCollectionView (1.0.0):
    - pop
  - pop (1.0.9)

DEPENDENCIES:
  - PaperCollectionView (from `../`)

EXTERNAL SOURCES:
  PaperCollectionView:
    :path: "../"

SPEC CHECKSUMS:
  PaperCollectionView: ed88cd6c7e68b4ad2bd0e1e209ab0e49a102e0d1
  pop: f667631a5108a2e60d9e8797c9b32ddaf2080bce

COCOAPODS: 0.39.0
