PODS:
  - PaperCollectionView (1.0.4):
    - pop
  - pop (1.0.9)

DEPENDENCIES:
  - PaperCollectionView (from `../`)

EXTERNAL SOURCES:
  PaperCollectionView:
    :path: "../"

SPEC CHECKSUMS:
  PaperCollectionView: e9792714a738c02c6fdcf2ae4f54e81ab8b2d441
  pop: f667631a5108a2e60d9e8797c9b32ddaf2080bce

COCOAPODS: 0.39.0
